
Microsoft Visual Studio Solution File, Format Version 12.00
# Visual Studio 15
VisualStudioVersion = 15.0.27130.2010
MinimumVisualStudioVersion = 10.0.40219.1
Project("{8BC9CEB8-8B4A-11D0-8D11-00A0C91BC942}") = "ddraw", "ddraw\ddraw.vcxproj", "{9F051466-EA2C-4195-80B1-1B7C5B3F4AC2}"
	ProjectSection(ProjectDependencies) = postProject
		{F142A341-5EE0-442D-A15F-98AE9B48DBAE} = {F142A341-5EE0-442D-A15F-98AE9B48DBAE}
		{55A95F84-E00E-4C65-BB09-41D27C5845AC} = {55A95F84-E00E-4C65-BB09-41D27C5845AC}
		{87D591EB-B598-431B-9B3B-D0FF771AB473} = {87D591EB-B598-431B-9B3B-D0FF771AB473}
	EndProjectSection
EndProject
Project("{8BC9CEB8-8B4A-11D0-8D11-00A0C91BC942}") = "common", "common\common.vcxproj", "{87D591EB-B598-431B-9B3B-D0FF771AB473}"
	ProjectSection(ProjectDependencies) = postProject
		{34883A93-DFE4-42EF-9DAE-BEE4D3FC87D0} = {34883A93-DFE4-42EF-9DAE-BEE4D3FC87D0}
	EndProjectSection
EndProject
Project("{8BC9CEB8-8B4A-11D0-8D11-00A0C91BC942}") = "dxglcfg-old", "dxglcfg-old\dxglcfg-old.vcxproj", "{DF380DA1-90DE-4174-9A1F-EEC16C5B5879}"
	ProjectSection(ProjectDependencies) = postProject
		{9F051466-EA2C-4195-80B1-1B7C5B3F4AC2} = {9F051466-EA2C-4195-80B1-1B7C5B3F4AC2}
		{55A95F84-E00E-4C65-BB09-41D27C5845AC} = {55A95F84-E00E-4C65-BB09-41D27C5845AC}
	EndProjectSection
EndProject
Project("{8BC9CEB8-8B4A-11D0-8D11-00A0C91BC942}") = "cfgmgr", "cfgmgr\cfgmgr.vcxproj", "{55A95F84-E00E-4C65-BB09-41D27C5845AC}"
EndProject
Project("{8BC9CEB8-8B4A-11D0-8D11-00A0C91BC942}") = "Help", "Help\Help.vcxproj", "{8041FD11-3A2E-4EE9-A3FF-A9755803B7FB}"
	ProjectSection(ProjectDependencies) = postProject
		{34883A93-DFE4-42EF-9DAE-BEE4D3FC87D0} = {34883A93-DFE4-42EF-9DAE-BEE4D3FC87D0}
	EndProjectSection
EndProject
Project("{8BC9CEB8-8B4A-11D0-8D11-00A0C91BC942}") = "buildtool", "buildtool\buildtool.vcxproj", "{34883A93-DFE4-42EF-9DAE-BEE4D3FC87D0}"
EndProject
Project("{8BC9CEB8-8B4A-11D0-8D11-00A0C91BC942}") = "Installer", "Installer\Installer.vcxproj", "{4DC98095-5F42-4A44-962C-346ABEE2C9B6}"
	ProjectSection(ProjectDependencies) = postProject
		{C59AC409-F7D0-4153-9874-184CA00D537B} = {C59AC409-F7D0-4153-9874-184CA00D537B}
		{8041FD11-3A2E-4EE9-A3FF-A9755803B7FB} = {8041FD11-3A2E-4EE9-A3FF-A9755803B7FB}
		{9F051466-EA2C-4195-80B1-1B7C5B3F4AC2} = {9F051466-EA2C-4195-80B1-1B7C5B3F4AC2}
		{34883A93-DFE4-42EF-9DAE-BEE4D3FC87D0} = {34883A93-DFE4-42EF-9DAE-BEE4D3FC87D0}
		{F822EDB0-63E2-4EB8-B80D-F72481CDE3E1} = {F822EDB0-63E2-4EB8-B80D-F72481CDE3E1}
	EndProjectSection
EndProject
Project("{8BC9CEB8-8B4A-11D0-8D11-00A0C91BC942}") = "dxglcfg", "dxglcfg\dxglcfg.vcxproj", "{C59AC409-F7D0-4153-9874-184CA00D537B}"
	ProjectSection(ProjectDependencies) = postProject
		{9F051466-EA2C-4195-80B1-1B7C5B3F4AC2} = {9F051466-EA2C-4195-80B1-1B7C5B3F4AC2}
		{55A95F84-E00E-4C65-BB09-41D27C5845AC} = {55A95F84-E00E-4C65-BB09-41D27C5845AC}
	EndProjectSection
EndProject
Project("{8BC9CEB8-8B4A-11D0-8D11-00A0C91BC942}") = "libMinHook", "minhook\build\DXGL\libMinHook.vcxproj", "{F142A341-5EE0-442D-A15F-98AE9B48DBAE}"
EndProject
Project("{8BC9CEB8-8B4A-11D0-8D11-00A0C91BC942}") = "sha512-nsis", "sha512-nsis\sha512-nsis.vcxproj", "{F822EDB0-63E2-4EB8-B80D-F72481CDE3E1}"
EndProject
Global
	GlobalSection(SolutionConfigurationPlatforms) = preSolution
		Debug no DXGL|Win32 = Debug no DXGL|Win32
		Debug Trace|Win32 = Debug Trace|Win32
		Debug|Win32 = Debug|Win32
		Release no DXGL|Win32 = Release no DXGL|Win32
		Release|Win32 = Release|Win32
	EndGlobalSection
	GlobalSection(ProjectConfigurationPlatforms) = postSolution
		{9F051466-EA2C-4195-80B1-1B7C5B3F4AC2}.Debug no DXGL|Win32.ActiveCfg = Debug no DXGL|Win32
		{9F051466-EA2C-4195-80B1-1B7C5B3F4AC2}.Debug no DXGL|Win32.Build.0 = Debug no DXGL|Win32
		{9F051466-EA2C-4195-80B1-1B7C5B3F4AC2}.Debug Trace|Win32.ActiveCfg = Debug Trace|Win32
		{9F051466-EA2C-4195-80B1-1B7C5B3F4AC2}.Debug Trace|Win32.Build.0 = Debug Trace|Win32
		{9F051466-EA2C-4195-80B1-1B7C5B3F4AC2}.Debug|Win32.ActiveCfg = Debug|Win32
		{9F051466-EA2C-4195-80B1-1B7C5B3F4AC2}.Debug|Win32.Build.0 = Debug|Win32
		{9F051466-EA2C-4195-80B1-1B7C5B3F4AC2}.Release no DXGL|Win32.ActiveCfg = Release no DXGL|Win32
		{9F051466-EA2C-4195-80B1-1B7C5B3F4AC2}.Release no DXGL|Win32.Build.0 = Release no DXGL|Win32
		{9F051466-EA2C-4195-80B1-1B7C5B3F4AC2}.Release|Win32.ActiveCfg = Release|Win32
		{9F051466-EA2C-4195-80B1-1B7C5B3F4AC2}.Release|Win32.Build.0 = Release|Win32
		{87D591EB-B598-431B-9B3B-D0FF771AB473}.Debug no DXGL|Win32.ActiveCfg = Debug no DXGL|Win32
		{87D591EB-B598-431B-9B3B-D0FF771AB473}.Debug no DXGL|Win32.Build.0 = Debug no DXGL|Win32
		{87D591EB-B598-431B-9B3B-D0FF771AB473}.Debug Trace|Win32.ActiveCfg = Debug|Win32
		{87D591EB-B598-431B-9B3B-D0FF771AB473}.Debug Trace|Win32.Build.0 = Debug|Win32
		{87D591EB-B598-431B-9B3B-D0FF771AB473}.Debug|Win32.ActiveCfg = Debug|Win32
		{87D591EB-B598-431B-9B3B-D0FF771AB473}.Debug|Win32.Build.0 = Debug|Win32
		{87D591EB-B598-431B-9B3B-D0FF771AB473}.Release no DXGL|Win32.ActiveCfg = Release no DXGL|Win32
		{87D591EB-B598-431B-9B3B-D0FF771AB473}.Release no DXGL|Win32.Build.0 = Release no DXGL|Win32
		{87D591EB-B598-431B-9B3B-D0FF771AB473}.Release|Win32.ActiveCfg = Release|Win32
		{87D591EB-B598-431B-9B3B-D0FF771AB473}.Release|Win32.Build.0 = Release|Win32
		{DF380DA1-90DE-4174-9A1F-EEC16C5B5879}.Debug no DXGL|Win32.ActiveCfg = Debug no DXGL|Win32
		{DF380DA1-90DE-4174-9A1F-EEC16C5B5879}.Debug no DXGL|Win32.Build.0 = Debug no DXGL|Win32
		{DF380DA1-90DE-4174-9A1F-EEC16C5B5879}.Debug Trace|Win32.ActiveCfg = Debug|Win32
		{DF380DA1-90DE-4174-9A1F-EEC16C5B5879}.Debug Trace|Win32.Build.0 = Debug|Win32
		{DF380DA1-90DE-4174-9A1F-EEC16C5B5879}.Debug|Win32.ActiveCfg = Debug|Win32
		{DF380DA1-90DE-4174-9A1F-EEC16C5B5879}.Debug|Win32.Build.0 = Debug|Win32
		{DF380DA1-90DE-4174-9A1F-EEC16C5B5879}.Release no DXGL|Win32.ActiveCfg = Release no DXGL|Win32
		{DF380DA1-90DE-4174-9A1F-EEC16C5B5879}.Release no DXGL|Win32.Build.0 = Release no DXGL|Win32
		{DF380DA1-90DE-4174-9A1F-EEC16C5B5879}.Release|Win32.ActiveCfg = Release|Win32
		{DF380DA1-90DE-4174-9A1F-EEC16C5B5879}.Release|Win32.Build.0 = Release|Win32
		{55A95F84-E00E-4C65-BB09-41D27C5845AC}.Debug no DXGL|Win32.ActiveCfg = Debug no DXGL|Win32
		{55A95F84-E00E-4C65-BB09-41D27C5845AC}.Debug no DXGL|Win32.Build.0 = Debug no DXGL|Win32
		{55A95F84-E00E-4C65-BB09-41D27C5845AC}.Debug Trace|Win32.ActiveCfg = Debug|Win32
		{55A95F84-E00E-4C65-BB09-41D27C5845AC}.Debug Trace|Win32.Build.0 = Debug|Win32
		{55A95F84-E00E-4C65-BB09-41D27C5845AC}.Debug|Win32.ActiveCfg = Debug|Win32
		{55A95F84-E00E-4C65-BB09-41D27C5845AC}.Debug|Win32.Build.0 = Debug|Win32
		{55A95F84-E00E-4C65-BB09-41D27C5845AC}.Release no DXGL|Win32.ActiveCfg = Release no DXGL|Win32
		{55A95F84-E00E-4C65-BB09-41D27C5845AC}.Release no DXGL|Win32.Build.0 = Release no DXGL|Win32
		{55A95F84-E00E-4C65-BB09-41D27C5845AC}.Release|Win32.ActiveCfg = Release|Win32
		{55A95F84-E00E-4C65-BB09-41D27C5845AC}.Release|Win32.Build.0 = Release|Win32
		{8041FD11-3A2E-4EE9-A3FF-A9755803B7FB}.Debug no DXGL|Win32.ActiveCfg = Debug|Win32
		{8041FD11-3A2E-4EE9-A3FF-A9755803B7FB}.Debug no DXGL|Win32.Build.0 = Debug|Win32
		{8041FD11-3A2E-4EE9-A3FF-A9755803B7FB}.Debug Trace|Win32.ActiveCfg = Debug|Win32
		{8041FD11-3A2E-4EE9-A3FF-A9755803B7FB}.Debug Trace|Win32.Build.0 = Debug|Win32
		{8041FD11-3A2E-4EE9-A3FF-A9755803B7FB}.Debug|Win32.ActiveCfg = Debug|Win32
		{8041FD11-3A2E-4EE9-A3FF-A9755803B7FB}.Debug|Win32.Build.0 = Debug|Win32
		{8041FD11-3A2E-4EE9-A3FF-A9755803B7FB}.Release no DXGL|Win32.ActiveCfg = Release|Win32
		{8041FD11-3A2E-4EE9-A3FF-A9755803B7FB}.Release no DXGL|Win32.Build.0 = Release|Win32
		{8041FD11-3A2E-4EE9-A3FF-A9755803B7FB}.Release|Win32.ActiveCfg = Release|Win32
		{8041FD11-3A2E-4EE9-A3FF-A9755803B7FB}.Release|Win32.Build.0 = Release|Win32
		{34883A93-DFE4-42EF-9DAE-BEE4D3FC87D0}.Debug no DXGL|Win32.ActiveCfg = Debug no DXGL|Win32
		{34883A93-DFE4-42EF-9DAE-BEE4D3FC87D0}.Debug no DXGL|Win32.Build.0 = Debug no DXGL|Win32
		{34883A93-DFE4-42EF-9DAE-BEE4D3FC87D0}.Debug Trace|Win32.ActiveCfg = Debug|Win32
		{34883A93-DFE4-42EF-9DAE-BEE4D3FC87D0}.Debug Trace|Win32.Build.0 = Debug|Win32
		{34883A93-DFE4-42EF-9DAE-BEE4D3FC87D0}.Debug|Win32.ActiveCfg = Debug|Win32
		{34883A93-DFE4-42EF-9DAE-BEE4D3FC87D0}.Debug|Win32.Build.0 = Debug|Win32
		{34883A93-DFE4-42EF-9DAE-BEE4D3FC87D0}.Release no DXGL|Win32.ActiveCfg = Release no DXGL|Win32
		{34883A93-DFE4-42EF-9DAE-BEE4D3FC87D0}.Release no DXGL|Win32.Build.0 = Release no DXGL|Win32
		{34883A93-DFE4-42EF-9DAE-BEE4D3FC87D0}.Release|Win32.ActiveCfg = Release|Win32
		{34883A93-DFE4-42EF-9DAE-BEE4D3FC87D0}.Release|Win32.Build.0 = Release|Win32
		{4DC98095-5F42-4A44-962C-346ABEE2C9B6}.Debug no DXGL|Win32.ActiveCfg = Debug|Win32
		{4DC98095-5F42-4A44-962C-346ABEE2C9B6}.Debug no DXGL|Win32.Build.0 = Debug|Win32
		{4DC98095-5F42-4A44-962C-346ABEE2C9B6}.Debug Trace|Win32.ActiveCfg = Debug|Win32
		{4DC98095-5F42-4A44-962C-346ABEE2C9B6}.Debug Trace|Win32.Build.0 = Debug|Win32
		{4DC98095-5F42-4A44-962C-346ABEE2C9B6}.Debug|Win32.ActiveCfg = Debug|Win32
		{4DC98095-5F42-4A44-962C-346ABEE2C9B6}.Debug|Win32.Build.0 = Debug|Win32
		{4DC98095-5F42-4A44-962C-346ABEE2C9B6}.Release no DXGL|Win32.ActiveCfg = Release|Win32
		{4DC98095-5F42-4A44-962C-346ABEE2C9B6}.Release no DXGL|Win32.Build.0 = Release|Win32
		{4DC98095-5F42-4A44-962C-346ABEE2C9B6}.Release|Win32.ActiveCfg = Release|Win32
		{4DC98095-5F42-4A44-962C-346ABEE2C9B6}.Release|Win32.Build.0 = Release|Win32
		{C59AC409-F7D0-4153-9874-184CA00D537B}.Debug no DXGL|Win32.ActiveCfg = Debug no DXGL|Win32
		{C59AC409-F7D0-4153-9874-184CA00D537B}.Debug no DXGL|Win32.Build.0 = Debug no DXGL|Win32
		{C59AC409-F7D0-4153-9874-184CA00D537B}.Debug Trace|Win32.ActiveCfg = Debug|Win32
		{C59AC409-F7D0-4153-9874-184CA00D537B}.Debug Trace|Win32.Build.0 = Debug|Win32
		{C59AC409-F7D0-4153-9874-184CA00D537B}.Debug|Win32.ActiveCfg = Debug|Win32
		{C59AC409-F7D0-4153-9874-184CA00D537B}.Debug|Win32.Build.0 = Debug|Win32
		{C59AC409-F7D0-4153-9874-184CA00D537B}.Release no DXGL|Win32.ActiveCfg = Release no DXGL|Win32
		{C59AC409-F7D0-4153-9874-184CA00D537B}.Release no DXGL|Win32.Build.0 = Release no DXGL|Win32
		{C59AC409-F7D0-4153-9874-184CA00D537B}.Release|Win32.ActiveCfg = Release|Win32
		{C59AC409-F7D0-4153-9874-184CA00D537B}.Release|Win32.Build.0 = Release|Win32
		{F142A341-5EE0-442D-A15F-98AE9B48DBAE}.Debug no DXGL|Win32.ActiveCfg = Debug|Win32
		{F142A341-5EE0-442D-A15F-98AE9B48DBAE}.Debug no DXGL|Win32.Build.0 = Debug|Win32
		{F142A341-5EE0-442D-A15F-98AE9B48DBAE}.Debug Trace|Win32.ActiveCfg = Debug|Win32
		{F142A341-5EE0-442D-A15F-98AE9B48DBAE}.Debug Trace|Win32.Build.0 = Debug|Win32
		{F142A341-5EE0-442D-A15F-98AE9B48DBAE}.Debug|Win32.ActiveCfg = Debug|Win32
		{F142A341-5EE0-442D-A15F-98AE9B48DBAE}.Debug|Win32.Build.0 = Debug|Win32
		{F142A341-5EE0-442D-A15F-98AE9B48DBAE}.Release no DXGL|Win32.ActiveCfg = Release|Win32
		{F142A341-5EE0-442D-A15F-98AE9B48DBAE}.Release no DXGL|Win32.Build.0 = Release|Win32
		{F142A341-5EE0-442D-A15F-98AE9B48DBAE}.Release|Win32.ActiveCfg = Release|Win32
		{F142A341-5EE0-442D-A15F-98AE9B48DBAE}.Release|Win32.Build.0 = Release|Win32
		{F822EDB0-63E2-4EB8-B80D-F72481CDE3E1}.Debug no DXGL|Win32.ActiveCfg = Debug|Win32
		{F822EDB0-63E2-4EB8-B80D-F72481CDE3E1}.Debug no DXGL|Win32.Build.0 = Debug|Win32
		{F822EDB0-63E2-4EB8-B80D-F72481CDE3E1}.Debug Trace|Win32.ActiveCfg = Debug|Win32
		{F822EDB0-63E2-4EB8-B80D-F72481CDE3E1}.Debug Trace|Win32.Build.0 = Debug|Win32
		{F822EDB0-63E2-4EB8-B80D-F72481CDE3E1}.Debug|Win32.ActiveCfg = Debug|Win32
		{F822EDB0-63E2-4EB8-B80D-F72481CDE3E1}.Debug|Win32.Build.0 = Debug|Win32
		{F822EDB0-63E2-4EB8-B80D-F72481CDE3E1}.Release no DXGL|Win32.ActiveCfg = Release|Win32
		{F822EDB0-63E2-4EB8-B80D-F72481CDE3E1}.Release no DXGL|Win32.Build.0 = Release|Win32
		{F822EDB0-63E2-4EB8-B80D-F72481CDE3E1}.Release|Win32.ActiveCfg = Release|Win32
		{F822EDB0-63E2-4EB8-B80D-F72481CDE3E1}.Release|Win32.Build.0 = Release|Win32
	EndGlobalSection
	GlobalSection(SolutionProperties) = preSolution
		HideSolutionNode = FALSE
	EndGlobalSection
	GlobalSection(ExtensibilityGlobals) = postSolution
		SolutionGuid = {8D61F2B9-4A44-441A-AE4C-9C589C9290B8}
	EndGlobalSection
EndGlobal
