
Microsoft Visual Studio Solution File, Format Version 9.00
# Visual Studio 2005
Project("{8BC9CEB8-8B4A-11D0-8D11-00A0C91BC942}") = "buildtool", "buildtool\buildtool.vcproj", "{7DC34E0D-7AFF-4282-9F18-81FD29C290D0}"
EndProject
Project("{8BC9CEB8-8B4A-11D0-8D11-00A0C91BC942}") = "common", "common\common.vcproj", "{7B081E30-A2B8-4806-9AB0-E0D62DE358F2}"
	ProjectSection(ProjectDependencies) = postProject
		{7DC34E0D-7AFF-4282-9F18-81FD29C290D0} = {7DC34E0D-7AFF-4282-9F18-81FD29C290D0}
	EndProjectSection
EndProject
Project("{8BC9CEB8-8B4A-11D0-8D11-00A0C91BC942}") = "cfgmgr", "cfgmgr\cfgmgr.vcproj", "{C2C26392-FA25-4D9A-B915-C4146928498F}"
EndProject
Project("{8BC9CEB8-8B4A-11D0-8D11-00A0C91BC942}") = "libMinHook", "libMinHook\libMinHook.vcproj", "{9748220C-9E29-47E3-BD7F-6849100E10DA}"
EndProject
Project("{8BC9CEB8-8B4A-11D0-8D11-00A0C91BC942}") = "ddraw", "ddraw\ddraw.vcproj", "{3AB68EF6-DA0B-4B6D-A749-08F945F63424}"
	ProjectSection(ProjectDependencies) = postProject
		{C2C26392-FA25-4D9A-B915-C4146928498F} = {C2C26392-FA25-4D9A-B915-C4146928498F}
		{7DC34E0D-7AFF-4282-9F18-81FD29C290D0} = {7DC34E0D-7AFF-4282-9F18-81FD29C290D0}
		{9748220C-9E29-47E3-BD7F-6849100E10DA} = {9748220C-9E29-47E3-BD7F-6849100E10DA}
	EndProjectSection
EndProject
Project("{8BC9CEB8-8B4A-11D0-8D11-00A0C91BC942}") = "dxglcfg", "dxglcfg\dxglcfg.vcproj", "{8A6EAE90-2389-4211-B10F-57C7CADC7FA1}"
	ProjectSection(ProjectDependencies) = postProject
		{C2C26392-FA25-4D9A-B915-C4146928498F} = {C2C26392-FA25-4D9A-B915-C4146928498F}
		{3AB68EF6-DA0B-4B6D-A749-08F945F63424} = {3AB68EF6-DA0B-4B6D-A749-08F945F63424}
	EndProjectSection
EndProject
Global
	GlobalSection(SolutionConfigurationPlatforms) = preSolution
		Debug No DXGL|Win32 = Debug No DXGL|Win32
		Debug|Win32 = Debug|Win32
		Release|Win32 = Release|Win32
	EndGlobalSection
	GlobalSection(ProjectConfigurationPlatforms) = postSolution
		{7DC34E0D-7AFF-4282-9F18-81FD29C290D0}.Debug No DXGL|Win32.ActiveCfg = Debug No DXGL|Win32
		{7DC34E0D-7AFF-4282-9F18-81FD29C290D0}.Debug No DXGL|Win32.Build.0 = Debug No DXGL|Win32
		{7DC34E0D-7AFF-4282-9F18-81FD29C290D0}.Debug|Win32.ActiveCfg = Debug|Win32
		{7DC34E0D-7AFF-4282-9F18-81FD29C290D0}.Debug|Win32.Build.0 = Debug|Win32
		{7DC34E0D-7AFF-4282-9F18-81FD29C290D0}.Release|Win32.ActiveCfg = Release|Win32
		{7DC34E0D-7AFF-4282-9F18-81FD29C290D0}.Release|Win32.Build.0 = Release|Win32
		{7B081E30-A2B8-4806-9AB0-E0D62DE358F2}.Debug No DXGL|Win32.ActiveCfg = Debug No DXGL|Win32
		{7B081E30-A2B8-4806-9AB0-E0D62DE358F2}.Debug No DXGL|Win32.Build.0 = Debug No DXGL|Win32
		{7B081E30-A2B8-4806-9AB0-E0D62DE358F2}.Debug|Win32.ActiveCfg = Debug|Win32
		{7B081E30-A2B8-4806-9AB0-E0D62DE358F2}.Debug|Win32.Build.0 = Debug|Win32
		{7B081E30-A2B8-4806-9AB0-E0D62DE358F2}.Release|Win32.ActiveCfg = Release|Win32
		{7B081E30-A2B8-4806-9AB0-E0D62DE358F2}.Release|Win32.Build.0 = Release|Win32
		{C2C26392-FA25-4D9A-B915-C4146928498F}.Debug No DXGL|Win32.ActiveCfg = Debug No DXGL|Win32
		{C2C26392-FA25-4D9A-B915-C4146928498F}.Debug No DXGL|Win32.Build.0 = Debug No DXGL|Win32
		{C2C26392-FA25-4D9A-B915-C4146928498F}.Debug|Win32.ActiveCfg = Debug|Win32
		{C2C26392-FA25-4D9A-B915-C4146928498F}.Debug|Win32.Build.0 = Debug|Win32
		{C2C26392-FA25-4D9A-B915-C4146928498F}.Release|Win32.ActiveCfg = Release|Win32
		{C2C26392-FA25-4D9A-B915-C4146928498F}.Release|Win32.Build.0 = Release|Win32
		{9748220C-9E29-47E3-BD7F-6849100E10DA}.Debug No DXGL|Win32.ActiveCfg = Debug No DXGL|Win32
		{9748220C-9E29-47E3-BD7F-6849100E10DA}.Debug No DXGL|Win32.Build.0 = Debug No DXGL|Win32
		{9748220C-9E29-47E3-BD7F-6849100E10DA}.Debug|Win32.ActiveCfg = Debug|Win32
		{9748220C-9E29-47E3-BD7F-6849100E10DA}.Debug|Win32.Build.0 = Debug|Win32
		{9748220C-9E29-47E3-BD7F-6849100E10DA}.Release|Win32.ActiveCfg = Release|Win32
		{9748220C-9E29-47E3-BD7F-6849100E10DA}.Release|Win32.Build.0 = Release|Win32
		{3AB68EF6-DA0B-4B6D-A749-08F945F63424}.Debug No DXGL|Win32.ActiveCfg = Debug No DXGL|Win32
		{3AB68EF6-DA0B-4B6D-A749-08F945F63424}.Debug No DXGL|Win32.Build.0 = Debug No DXGL|Win32
		{3AB68EF6-DA0B-4B6D-A749-08F945F63424}.Debug|Win32.ActiveCfg = Debug|Win32
		{3AB68EF6-DA0B-4B6D-A749-08F945F63424}.Debug|Win32.Build.0 = Debug|Win32
		{3AB68EF6-DA0B-4B6D-A749-08F945F63424}.Release|Win32.ActiveCfg = Release|Win32
		{3AB68EF6-DA0B-4B6D-A749-08F945F63424}.Release|Win32.Build.0 = Release|Win32
		{8A6EAE90-2389-4211-B10F-57C7CADC7FA1}.Debug No DXGL|Win32.ActiveCfg = Debug No DXGL|Win32
		{8A6EAE90-2389-4211-B10F-57C7CADC7FA1}.Debug No DXGL|Win32.Build.0 = Debug No DXGL|Win32
		{8A6EAE90-2389-4211-B10F-57C7CADC7FA1}.Debug|Win32.ActiveCfg = Debug|Win32
		{8A6EAE90-2389-4211-B10F-57C7CADC7FA1}.Debug|Win32.Build.0 = Debug|Win32
		{8A6EAE90-2389-4211-B10F-57C7CADC7FA1}.Release|Win32.ActiveCfg = Release|Win32
		{8A6EAE90-2389-4211-B10F-57C7CADC7FA1}.Release|Win32.Build.0 = Release|Win32
	EndGlobalSection
	GlobalSection(SolutionProperties) = preSolution
		HideSolutionNode = FALSE
	EndGlobalSection
EndGlobal
