<?xml version="1.0" encoding="utf-8"?>
<Project ToolsVersion="4.0" xmlns="http://schemas.microsoft.com/developer/msbuild/2003">
  <ItemGroup>
    <Filter Include="Source Files">
      <UniqueIdentifier>{4FC737F1-C7A5-4376-A066-2A32D752A2FF}</UniqueIdentifier>
      <Extensions>cpp;c;cc;cxx;def;odl;idl;hpj;bat;asm;asmx</Extensions>
    </Filter>
    <Filter Include="Header Files">
      <UniqueIdentifier>{93995380-89BD-4b04-88EB-625FBE52EBFB}</UniqueIdentifier>
      <Extensions>h;hpp;hxx;hm;inl;inc;xsd</Extensions>
    </Filter>
    <Filter Include="Resource Files">
      <UniqueIdentifier>{67DA6AB6-F800-4c08-8B7A-83BB121AAD01}</UniqueIdentifier>
      <Extensions>rc;ico;cur;bmp;dlg;rc2;rct;bin;rgs;gif;jpg;jpeg;jpe;resx;tiff;tif;png;wav;mfcribbon-ms</Extensions>
    </Filter>
    <Filter Include="Source Files\inih">
      <UniqueIdentifier>{52f34bb7-dc10-4142-b67d-6720e9be7d4c}</UniqueIdentifier>
    </Filter>
    <Filter Include="Header Files\inih">
      <UniqueIdentifier>{e547f87f-ed45-4367-8baf-ad2ddbbd5100}</UniqueIdentifier>
    </Filter>
  </ItemGroup>
  <ItemGroup>
    <None Include="ReadMe.txt" />
  </ItemGroup>
  <ItemGroup>
    <ClInclude Include="crc32.h">
      <Filter>Header Files</Filter>
    </ClInclude>
    <ClInclude Include="cfgmgr.h">
      <Filter>Header Files</Filter>
    </ClInclude>
    <ClInclude Include="LibSha256.h">
      <Filter>Header Files</Filter>
    </ClInclude>
    <ClInclude Include="inih\ini.h">
      <Filter>Header Files\inih</Filter>
    </ClInclude>
  </ItemGroup>
  <ItemGroup>
    <ClCompile Include="crc32.c">
      <Filter>Source Files</Filter>
    </ClCompile>
    <ClCompile Include="cfgmgr.c">
      <Filter>Source Files</Filter>
    </ClCompile>
    <ClCompile Include="LibSha256.c">
      <Filter>Source Files</Filter>
    </ClCompile>
    <ClCompile Include="inih\ini.c">
      <Filter>Source Files\inih</Filter>
    </ClCompile>
  </ItemGroup>
</Project>