<?xml version="1.0" encoding="utf-8"?>
<Project ToolsVersion="4.0" xmlns="http://schemas.microsoft.com/developer/msbuild/2003">
  <ItemGroup>
    <Filter Include="Source Files">
      <UniqueIdentifier>{4FC737F1-C7A5-4376-A066-2A32D752A2FF}</UniqueIdentifier>
      <Extensions>cpp;c;cc;cxx;def;odl;idl;hpj;bat;asm;asmx</Extensions>
    </Filter>
    <Filter Include="Header Files">
      <UniqueIdentifier>{93995380-89BD-4b04-88EB-625FBE52EBFB}</UniqueIdentifier>
      <Extensions>h;hpp;hxx;hm;inl;inc;xsd</Extensions>
    </Filter>
    <Filter Include="Resource Files">
      <UniqueIdentifier>{67DA6AB6-F800-4c08-8B7A-83BB121AAD01}</UniqueIdentifier>
      <Extensions>rc;ico;cur;bmp;dlg;rc2;rct;bin;rgs;gif;jpg;jpeg;jpe;resx;tiff;tif;png;wav;mfcribbon-ms</Extensions>
    </Filter>
    <Filter Include="Header Files\include">
      <UniqueIdentifier>{a791eafb-a506-4c38-bfdd-6b104dbcaa10}</UniqueIdentifier>
    </Filter>
    <Filter Include="Header Files\include\GL">
      <UniqueIdentifier>{7fde6a26-b080-438c-9956-fd87a7ffad7e}</UniqueIdentifier>
    </Filter>
  </ItemGroup>
  <ItemGroup>
    <None Include="ReadMe.txt" />
    <None Include="ddraw.def">
      <Filter>Source Files</Filter>
    </None>
  </ItemGroup>
  <ItemGroup>
    <ClInclude Include="ddraw.h">
      <Filter>Header Files</Filter>
    </ClInclude>
    <ClInclude Include="glDirectDraw.h">
      <Filter>Header Files</Filter>
    </ClInclude>
    <ClInclude Include="include\d3d.h">
      <Filter>Header Files\include</Filter>
    </ClInclude>
    <ClInclude Include="include\d3dcaps.h">
      <Filter>Header Files\include</Filter>
    </ClInclude>
    <ClInclude Include="include\d3dtypes.h">
      <Filter>Header Files\include</Filter>
    </ClInclude>
    <ClInclude Include="glDirectDrawSurface.h">
      <Filter>Header Files</Filter>
    </ClInclude>
    <ClInclude Include="glDirectDrawClipper.h">
      <Filter>Header Files</Filter>
    </ClInclude>
    <ClInclude Include="glDirectDrawPalette.h">
      <Filter>Header Files</Filter>
    </ClInclude>
    <ClInclude Include="shaders.h">
      <Filter>Header Files</Filter>
    </ClInclude>
    <ClInclude Include="common.h">
      <Filter>Header Files</Filter>
    </ClInclude>
    <ClInclude Include="glExtensions.h">
      <Filter>Header Files</Filter>
    </ClInclude>
    <ClInclude Include="include\winedef.h">
      <Filter>Header Files\include</Filter>
    </ClInclude>
    <ClInclude Include="include\GL\glext.h">
      <Filter>Header Files\include\GL</Filter>
    </ClInclude>
    <ClInclude Include="include\GL\wglext.h">
      <Filter>Header Files\include\GL</Filter>
    </ClInclude>
  </ItemGroup>
  <ItemGroup>
    <ClCompile Include="ddraw.cpp">
      <Filter>Source Files</Filter>
    </ClCompile>
    <ClCompile Include="dllmain.cpp">
      <Filter>Source Files</Filter>
    </ClCompile>
    <ClCompile Include="glDirectDraw.cpp">
      <Filter>Source Files</Filter>
    </ClCompile>
    <ClCompile Include="glDirectDrawSurface.cpp">
      <Filter>Source Files</Filter>
    </ClCompile>
    <ClCompile Include="glDirectDrawClipper.cpp">
      <Filter>Source Files</Filter>
    </ClCompile>
    <ClCompile Include="glDirectDrawPalette.cpp">
      <Filter>Source Files</Filter>
    </ClCompile>
    <ClCompile Include="shaders.cpp">
      <Filter>Source Files</Filter>
    </ClCompile>
    <ClCompile Include="glExtensions.cpp">
      <Filter>Source Files</Filter>
    </ClCompile>
    <ClCompile Include="precomp.cpp">
      <Filter>Source Files</Filter>
    </ClCompile>
    <ClCompile Include="dxguid.cpp">
      <Filter>Source Files</Filter>
    </ClCompile>
  </ItemGroup>
  <ItemGroup>
    <ResourceCompile Include="ddraw.rc">
      <Filter>Resource Files</Filter>
    </ResourceCompile>
  </ItemGroup>
</Project>