<?xml version="1.0" encoding="utf-8"?>
<Project ToolsVersion="4.0" xmlns="http://schemas.microsoft.com/developer/msbuild/2003">
  <ItemGroup>
    <Filter Include="Help files">
      <UniqueIdentifier>{906ea9c0-1ddf-4cb2-9e85-4eafde27f5ed}</UniqueIdentifier>
    </Filter>
    <Filter Include="Help files\images">
      <UniqueIdentifier>{051b7381-64aa-484b-95bb-301c72c9c673}</UniqueIdentifier>
    </Filter>
    <Filter Include="Help files\html">
      <UniqueIdentifier>{22f3e2a1-c231-4f50-8a0f-2d9f538b01d5}</UniqueIdentifier>
    </Filter>
    <Filter Include="Help files\html\config">
      <UniqueIdentifier>{788bd65e-b156-4723-9023-258fb5b2c058}</UniqueIdentifier>
    </Filter>
  </ItemGroup>
  <ItemGroup>
    <None Include="dxgl.hhp">
      <Filter>Help files</Filter>
    </None>
    <None Include="Index.hhk">
      <Filter>Help files</Filter>
    </None>
    <None Include="toc.hhc">
      <Filter>Help files</Filter>
    </None>
    <None Include="dxgl.css">
      <Filter>Help files</Filter>
    </None>
    <None Include="html5.js">
      <Filter>Help files</Filter>
    </None>
    <None Include="images\dxgl-header.png">
      <Filter>Help files\images</Filter>
    </None>
    <None Include="template.html">
      <Filter>Help files</Filter>
    </None>
    <None Include="html\introduction.htmlbody">
      <Filter>Help files\html</Filter>
    </None>
    <None Include="html\troubleshooting.htmlbody">
      <Filter>Help files\html</Filter>
    </None>
    <None Include="html\configuration.htmlbody">
      <Filter>Help files\html</Filter>
    </None>
    <None Include="images\dxglcfg-display.png">
      <Filter>Help files\images</Filter>
    </None>
    <None Include="html\config\displaytab.htmlbody">
      <Filter>Help files\html\config</Filter>
    </None>
    <None Include="html\config\effectstab.htmlbody">
      <Filter>Help files\html\config</Filter>
    </None>
    <None Include="html\config\3dgraphicstab.htmlbody">
      <Filter>Help files\html\config</Filter>
    </None>
    <None Include="html\config\advancedtab.htmlbody">
      <Filter>Help files\html\config</Filter>
    </None>
    <None Include="html\config\debugtab.htmlbody">
      <Filter>Help files\html\config</Filter>
    </None>
    <None Include="html\config\hackstab.htmlbody">
      <Filter>Help files\html\config</Filter>
    </None>
    <None Include="html\config\gfxtesttab.htmlbody">
      <Filter>Help files\html\config</Filter>
    </None>
    <None Include="html\config\abouttab.htmlbody">
      <Filter>Help files\html\config</Filter>
    </None>
  </ItemGroup>
</Project>