<?xml version="1.0" encoding="utf-8"?>
<Project ToolsVersion="4.0" xmlns="http://schemas.microsoft.com/developer/msbuild/2003">
  <ItemGroup>
    <Filter Include="Help files">
      <UniqueIdentifier>{906ea9c0-1ddf-4cb2-9e85-4eafde27f5ed}</UniqueIdentifier>
    </Filter>
    <Filter Include="Help files\images">
      <UniqueIdentifier>{051b7381-64aa-484b-95bb-301c72c9c673}</UniqueIdentifier>
    </Filter>
    <Filter Include="Help files\html">
      <UniqueIdentifier>{22f3e2a1-c231-4f50-8a0f-2d9f538b01d5}</UniqueIdentifier>
    </Filter>
    <Filter Include="Help files\html\config">
      <UniqueIdentifier>{788bd65e-b156-4723-9023-258fb5b2c058}</UniqueIdentifier>
    </Filter>
    <Filter Include="Help files\html\config\display">
      <UniqueIdentifier>{933e60ac-025f-4ea7-8faf-4de1dd6fb468}</UniqueIdentifier>
    </Filter>
    <Filter Include="Help files\html\config\effects">
      <UniqueIdentifier>{508eed92-c424-422b-9783-90a3a2baf281}</UniqueIdentifier>
    </Filter>
    <Filter Include="Help files\html\config\3dgraphics">
      <UniqueIdentifier>{fa403dd8-75d3-4fc2-a2b2-5faf57094dad}</UniqueIdentifier>
    </Filter>
    <Filter Include="Help files\html\config\advanced">
      <UniqueIdentifier>{f46bbc6c-86ac-4296-85a2-41262b3aa6ac}</UniqueIdentifier>
    </Filter>
  </ItemGroup>
  <ItemGroup>
    <None Include="dxgl.hhp">
      <Filter>Help files</Filter>
    </None>
    <None Include="Index.hhk">
      <Filter>Help files</Filter>
    </None>
    <None Include="toc.hhc">
      <Filter>Help files</Filter>
    </None>
    <None Include="dxgl.css">
      <Filter>Help files</Filter>
    </None>
    <None Include="html5.js">
      <Filter>Help files</Filter>
    </None>
    <None Include="images\dxgl-header.png">
      <Filter>Help files\images</Filter>
    </None>
    <None Include="template.html">
      <Filter>Help files</Filter>
    </None>
    <None Include="html\introduction.htmlbody">
      <Filter>Help files\html</Filter>
    </None>
    <None Include="html\troubleshooting.htmlbody">
      <Filter>Help files\html</Filter>
    </None>
    <None Include="html\configuration.htmlbody">
      <Filter>Help files\html</Filter>
    </None>
    <None Include="images\dxglcfg-display.png">
      <Filter>Help files\images</Filter>
    </None>
    <None Include="html\config\displaytab.htmlbody">
      <Filter>Help files\html\config</Filter>
    </None>
    <None Include="html\config\effectstab.htmlbody">
      <Filter>Help files\html\config</Filter>
    </None>
    <None Include="html\config\3dgraphicstab.htmlbody">
      <Filter>Help files\html\config</Filter>
    </None>
    <None Include="html\config\advancedtab.htmlbody">
      <Filter>Help files\html\config</Filter>
    </None>
    <None Include="html\config\debugtab.htmlbody">
      <Filter>Help files\html\config</Filter>
    </None>
    <None Include="html\config\hackstab.htmlbody">
      <Filter>Help files\html\config</Filter>
    </None>
    <None Include="html\config\gfxtesttab.htmlbody">
      <Filter>Help files\html\config</Filter>
    </None>
    <None Include="html\config\abouttab.htmlbody">
      <Filter>Help files\html\config</Filter>
    </None>
    <None Include="html\configuration.htmltitle">
      <Filter>Help files\html</Filter>
    </None>
    <None Include="html\introduction.htmltitle">
      <Filter>Help files\html</Filter>
    </None>
    <None Include="html\troubleshooting.htmltitle">
      <Filter>Help files\html</Filter>
    </None>
    <None Include="html\config\3dgraphicstab.htmltitle">
      <Filter>Help files\html\config</Filter>
    </None>
    <None Include="html\config\abouttab.htmltitle">
      <Filter>Help files\html\config</Filter>
    </None>
    <None Include="html\config\advancedtab.htmltitle">
      <Filter>Help files\html\config</Filter>
    </None>
    <None Include="html\config\debugtab.htmltitle">
      <Filter>Help files\html\config</Filter>
    </None>
    <None Include="html\config\displaytab.htmltitle">
      <Filter>Help files\html\config</Filter>
    </None>
    <None Include="html\config\effectstab.htmltitle">
      <Filter>Help files\html\config</Filter>
    </None>
    <None Include="html\config\gfxtesttab.htmltitle">
      <Filter>Help files\html\config</Filter>
    </None>
    <None Include="html\config\hackstab.htmltitle">
      <Filter>Help files\html\config</Filter>
    </None>
    <None Include="html\config\display\videomode.htmlbody">
      <Filter>Help files\html\config\display</Filter>
    </None>
    <None Include="html\config\display\videomode.htmltitle">
      <Filter>Help files\html\config\display</Filter>
    </None>
    <None Include="html\config\display\addcolordepths.htmltitle">
      <Filter>Help files\html\config\display</Filter>
    </None>
    <None Include="html\config\display\addcolordepths.htmlbody">
      <Filter>Help files\html\config\display</Filter>
    </None>
    <None Include="html\config\display\scalingmethod.htmltitle">
      <Filter>Help files\html\config\display</Filter>
    </None>
    <None Include="html\config\display\scalingmethod.htmlbody">
      <Filter>Help files\html\config\display</Filter>
    </None>
    <None Include="html\config\display\additionaldisplaymodes.htmltitle">
      <Filter>Help files\html\config\display</Filter>
    </None>
    <None Include="html\config\display\additionaldisplaymodes.htmlbody">
      <Filter>Help files\html\config\display</Filter>
    </None>
    <None Include="html\config\display\screenaspectratio.htmltitle">
      <Filter>Help files\html\config\display</Filter>
    </None>
    <None Include="html\config\display\screenaspectratio.htmlbody">
      <Filter>Help files\html\config\display</Filter>
    </None>
    <None Include="html\config\display\sortvideomodes.htmltitle">
      <Filter>Help files\html\config\display</Filter>
    </None>
    <None Include="html\config\display\sortvideomodes.htmlbody">
      <Filter>Help files\html\config\display</Filter>
    </None>
    <None Include="html\config\display\dpiscalingmode.htmltitle">
      <Filter>Help files\html\config\display</Filter>
    </None>
    <None Include="html\config\display\dpiscalingmode.htmlbody">
      <Filter>Help files\html\config\display</Filter>
    </None>
    <None Include="html\config\display\verticalsync.htmltitle">
      <Filter>Help files\html\config\display</Filter>
    </None>
    <None Include="html\config\display\verticalsync.htmlbody">
      <Filter>Help files\html\config\display</Filter>
    </None>
    <None Include="html\config\display\fullscreenwindowmode.htmltitle">
      <Filter>Help files\html\config\display</Filter>
    </None>
    <None Include="html\config\display\fullscreenwindowmode.htmlbody">
      <Filter>Help files\html\config\display</Filter>
    </None>
    <None Include="html\config\display\fixedscaling.htmltitle">
      <Filter>Help files\html\config\display</Filter>
    </None>
    <None Include="html\config\display\fixedscaling.htmlbody">
      <Filter>Help files\html\config\display</Filter>
    </None>
    <None Include="html\config\display\customresolution.htmltitle">
      <Filter>Help files\html\config\display</Filter>
    </None>
    <None Include="html\config\display\customresolution.htmlbody">
      <Filter>Help files\html\config\display</Filter>
    </None>
    <None Include="html\config\display\changedisplaycolordepth.htmltitle">
      <Filter>Help files\html\config\display</Filter>
    </None>
    <None Include="html\config\display\changedisplaycolordepth.htmlbody">
      <Filter>Help files\html\config\display</Filter>
    </None>
    <None Include="html\config\display\singlebuffereddisplay.htmltitle">
      <Filter>Help files\html\config\display</Filter>
    </None>
    <None Include="html\config\display\singlebuffereddisplay.htmlbody">
      <Filter>Help files\html\config\display</Filter>
    </None>
    <None Include="html\config\effects\postprocessscaler.htmltitle">
      <Filter>Help files\html\config\effects</Filter>
    </None>
    <None Include="html\config\effects\postprocessscaler.htmlbody">
      <Filter>Help files\html\config\effects</Filter>
    </None>
    <None Include="html\config\effects\postprocessinputmultiplier.htmltitle">
      <Filter>Help files\html\config\effects</Filter>
    </None>
    <None Include="html\config\effects\postprocessinputmultiplier.htmlbody">
      <Filter>Help files\html\config\effects</Filter>
    </None>
    <None Include="html\config\effects\primarybufferscaling.htmltitle">
      <Filter>Help files\html\config\effects</Filter>
    </None>
    <None Include="html\config\effects\primarybufferscaling.htmlbody">
      <Filter>Help files\html\config\effects</Filter>
    </None>
    <None Include="html\config\effects\bltscalingfilter.htmltitle">
      <Filter>Help files\html\config\effects</Filter>
    </None>
    <None Include="html\config\effects\bltscalingfilter.htmlbody">
      <Filter>Help files\html\config\effects</Filter>
    </None>
    <None Include="images\dxglcfg-3dgraphics.png">
      <Filter>Help files\images</Filter>
    </None>
    <None Include="images\dxglcfg-about.png">
      <Filter>Help files\images</Filter>
    </None>
    <None Include="images\dxglcfg-advanced.png">
      <Filter>Help files\images</Filter>
    </None>
    <None Include="images\dxglcfg-debug.png">
      <Filter>Help files\images</Filter>
    </None>
    <None Include="images\dxglcfg-effects.png">
      <Filter>Help files\images</Filter>
    </None>
    <None Include="images\dxglcfg-hacks.png">
      <Filter>Help files\images</Filter>
    </None>
    <None Include="images\dxglcfg-tests.png">
      <Filter>Help files\images</Filter>
    </None>
    <None Include="images\gradients-8bpp.png">
      <Filter>Help files\images</Filter>
    </None>
    <None Include="images\gradients-15bpp.png">
      <Filter>Help files\images</Filter>
    </None>
    <None Include="images\gradients-16bpp.png">
      <Filter>Help files\images</Filter>
    </None>
    <None Include="images\gradients-24bpp.png">
      <Filter>Help files\images</Filter>
    </None>
    <None Include="html\config\3dgraphics\texturefilter.htmltitle">
      <Filter>Help files\html\config\3dgraphics</Filter>
    </None>
    <None Include="html\config\3dgraphics\texturefilter.htmlbody">
      <Filter>Help files\html\config\3dgraphics</Filter>
    </None>
    <None Include="html\config\3dgraphics\anisotropicfiltering.htmltitle">
      <Filter>Help files\html\config\3dgraphics</Filter>
    </None>
    <None Include="html\config\3dgraphics\anisotropicfiltering.htmlbody">
      <Filter>Help files\html\config\3dgraphics</Filter>
    </None>
    <None Include="html\config\3dgraphics\antialiasing.htmltitle">
      <Filter>Help files\html\config\3dgraphics</Filter>
    </None>
    <None Include="html\config\3dgraphics\antialiasing.htmlbody">
      <Filter>Help files\html\config\3dgraphics</Filter>
    </None>
    <None Include="html\config\3dgraphics\rendereraspectratio.htmltitle">
      <Filter>Help files\html\config\3dgraphics</Filter>
    </None>
    <None Include="html\config\3dgraphics\rendereraspectratio.htmlbody">
      <Filter>Help files\html\config\3dgraphics</Filter>
    </None>
    <None Include="html\config\3dgraphics\lowcolorrendering.htmltitle">
      <Filter>Help files\html\config\3dgraphics</Filter>
    </None>
    <None Include="html\config\3dgraphics\lowcolorrendering.htmlbody">
      <Filter>Help files\html\config\3dgraphics</Filter>
    </None>
    <None Include="html\config\3dgraphics\enabledithering.htmltitle">
      <Filter>Help files\html\config\3dgraphics</Filter>
    </None>
    <None Include="html\config\3dgraphics\enabledithering.htmlbody">
      <Filter>Help files\html\config\3dgraphics</Filter>
    </None>
    <None Include="html\config\advanced\textureformat.htmltitle">
      <Filter>Help files\html\config\advanced</Filter>
    </None>
    <None Include="html\config\advanced\textureformat.htmlbody">
      <Filter>Help files\html\config\advanced</Filter>
    </None>
    <None Include="html\config\advanced\textureaccessmethod.htmltitle">
      <Filter>Help files\html\config\advanced</Filter>
    </None>
    <None Include="html\config\advanced\textureaccessmethod.htmlbody">
      <Filter>Help files\html\config\advanced</Filter>
    </None>
    <None Include="html\config\advanced\defaultwindowposition.htmltitle">
      <Filter>Help files\html\config\advanced</Filter>
    </None>
    <None Include="html\config\advanced\defaultwindowposition.htmlbody">
      <Filter>Help files\html\config\advanced</Filter>
    </None>
    <None Include="html\config\advanced\rememberwindowposition.htmltitle">
      <Filter>Help files\html\config\advanced</Filter>
    </None>
    <None Include="html\config\advanced\rememberwindowposition.htmlbody">
      <Filter>Help files\html\config\advanced</Filter>
    </None>
    <None Include="html\config\advanced\rememberwindowsize.htmltitle">
      <Filter>Help files\html\config\advanced</Filter>
    </None>
    <None Include="html\config\advanced\rememberwindowsize.htmlbody">
      <Filter>Help files\html\config\advanced</Filter>
    </None>
    <None Include="html\config\advanced\rememberedwindowposition.htmltitle">
      <Filter>Help files\html\config\advanced</Filter>
    </None>
    <None Include="html\config\advanced\rememberedwindowsize.htmlbody">
      <Filter>Help files\html\config\advanced</Filter>
    </None>
    <None Include="html\config\advanced\rememberedwindowposition.htmlbody">
      <Filter>Help files\html\config\advanced</Filter>
    </None>
    <None Include="html\config\advanced\rememberedwindowsize.htmltitle">
      <Filter>Help files\html\config\advanced</Filter>
    </None>
    <None Include="html\config\advanced\startresizablewindowmaximized.htmltitle">
      <Filter>Help files\html\config\advanced</Filter>
    </None>
    <None Include="html\config\advanced\startresizablewindowmaximized.htmlbody">
      <Filter>Help files\html\config\advanced</Filter>
    </None>
    <None Include="html\config\advanced\dontautosizewindow.htmltitle">
      <Filter>Help files\html\config\advanced</Filter>
    </None>
    <None Include="html\config\advanced\dontautosizewindow.htmlbody">
      <Filter>Help files\html\config\advanced</Filter>
    </None>
    <None Include="html\config\advanced\installationpath.htmltitle">
      <Filter>Help files\html\config\advanced</Filter>
    </None>
    <None Include="html\config\advanced\installationpath.htmlbody">
      <Filter>Help files\html\config\advanced</Filter>
    </None>
  </ItemGroup>
</Project>