
Microsoft Visual Studio Solution File, Format Version 8.00
Project("{8BC9CEB8-8B4A-11D0-8D11-00A0C91BC942}") = "dxglcfg", "dxglcfg\dxglcfg.vcproj", "{8A6EAE90-2389-4211-B10F-57C7CADC7FA1}"
	ProjectSection(ProjectDependencies) = postProject
		{C2C26392-FA25-4D9A-B915-C4146928498F} = {C2C26392-FA25-4D9A-B915-C4146928498F}
		{3AB68EF6-DA0B-4B6D-A749-08F945F63424} = {3AB68EF6-DA0B-4B6D-A749-08F945F63424}
	EndProjectSection
EndProject
Project("{8BC9CEB8-8B4A-11D0-8D11-00A0C91BC942}") = "buildtool", "buildtool\buildtool.vcproj", "{7DC34E0D-7AFF-4282-9F18-81FD29C290D0}"
	ProjectSection(ProjectDependencies) = postProject
	EndProjectSection
EndProject
Project("{8BC9CEB8-8B4A-11D0-8D11-00A0C91BC942}") = "common", "common\common.vcproj", "{7B081E30-A2B8-4806-9AB0-E0D62DE358F2}"
	ProjectSection(ProjectDependencies) = postProject
		{7DC34E0D-7AFF-4282-9F18-81FD29C290D0} = {7DC34E0D-7AFF-4282-9F18-81FD29C290D0}
	EndProjectSection
EndProject
Project("{8BC9CEB8-8B4A-11D0-8D11-00A0C91BC942}") = "cfgmgr", "cfgmgr\cfgmgr.vcproj", "{C2C26392-FA25-4D9A-B915-C4146928498F}"
	ProjectSection(ProjectDependencies) = postProject
	EndProjectSection
EndProject
Project("{8BC9CEB8-8B4A-11D0-8D11-00A0C91BC942}") = "libMinHook", "libMinHook\libMinHook.vcproj", "{9748220C-9E29-47E3-BD7F-6849100E10DA}"
	ProjectSection(ProjectDependencies) = postProject
	EndProjectSection
EndProject
Project("{8BC9CEB8-8B4A-11D0-8D11-00A0C91BC942}") = "ddraw", "ddraw\ddraw.vcproj", "{3AB68EF6-DA0B-4B6D-A749-08F945F63424}"
	ProjectSection(ProjectDependencies) = postProject
		{9748220C-9E29-47E3-BD7F-6849100E10DA} = {9748220C-9E29-47E3-BD7F-6849100E10DA}
		{7DC34E0D-7AFF-4282-9F18-81FD29C290D0} = {7DC34E0D-7AFF-4282-9F18-81FD29C290D0}
		{C2C26392-FA25-4D9A-B915-C4146928498F} = {C2C26392-FA25-4D9A-B915-C4146928498F}
	EndProjectSection
EndProject
Project("{8BC9CEB8-8B4A-11D0-8D11-00A0C91BC942}") = "dxgl-nsis", "dxgl-nsis\dxgl-nsis.vcproj", "{EBF0828E-7C19-4FEF-BFF8-41035FA17C71}"
	ProjectSection(ProjectDependencies) = postProject
	EndProjectSection
EndProject
Project("{8BC9CEB8-8B4A-11D0-8D11-00A0C91BC942}") = "Help", "Help\Help.vcproj", "{553FB154-8522-4407-B5F5-9088D0F9B5FC}"
	ProjectSection(ProjectDependencies) = postProject
		{7DC34E0D-7AFF-4282-9F18-81FD29C290D0} = {7DC34E0D-7AFF-4282-9F18-81FD29C290D0}
	EndProjectSection
EndProject
Project("{8BC9CEB8-8B4A-11D0-8D11-00A0C91BC942}") = "Installer", "Installer\Installer.vcproj", "{52CF5216-7B55-4D3F-835D-6F598C33F637}"
	ProjectSection(ProjectDependencies) = postProject
		{7DC34E0D-7AFF-4282-9F18-81FD29C290D0} = {7DC34E0D-7AFF-4282-9F18-81FD29C290D0}
		{553FB154-8522-4407-B5F5-9088D0F9B5FC} = {553FB154-8522-4407-B5F5-9088D0F9B5FC}
		{EBF0828E-7C19-4FEF-BFF8-41035FA17C71} = {EBF0828E-7C19-4FEF-BFF8-41035FA17C71}
		{8A6EAE90-2389-4211-B10F-57C7CADC7FA1} = {8A6EAE90-2389-4211-B10F-57C7CADC7FA1}
		{3AB68EF6-DA0B-4B6D-A749-08F945F63424} = {3AB68EF6-DA0B-4B6D-A749-08F945F63424}
	EndProjectSection
EndProject
Global
	GlobalSection(SolutionConfiguration) = preSolution
		Debug = Debug
		Debug No DXGL = Debug No DXGL
		Release = Release
	EndGlobalSection
	GlobalSection(ProjectDependencies) = postSolution
	EndGlobalSection
	GlobalSection(ProjectConfiguration) = postSolution
		{8A6EAE90-2389-4211-B10F-57C7CADC7FA1}.Debug.ActiveCfg = Debug|Win32
		{8A6EAE90-2389-4211-B10F-57C7CADC7FA1}.Debug.Build.0 = Debug|Win32
		{8A6EAE90-2389-4211-B10F-57C7CADC7FA1}.Debug No DXGL.ActiveCfg = Debug No DXGL|Win32
		{8A6EAE90-2389-4211-B10F-57C7CADC7FA1}.Debug No DXGL.Build.0 = Debug No DXGL|Win32
		{8A6EAE90-2389-4211-B10F-57C7CADC7FA1}.Release.ActiveCfg = Release|Win32
		{8A6EAE90-2389-4211-B10F-57C7CADC7FA1}.Release.Build.0 = Release|Win32
		{7DC34E0D-7AFF-4282-9F18-81FD29C290D0}.Debug.ActiveCfg = Debug|Win32
		{7DC34E0D-7AFF-4282-9F18-81FD29C290D0}.Debug.Build.0 = Debug|Win32
		{7DC34E0D-7AFF-4282-9F18-81FD29C290D0}.Debug No DXGL.ActiveCfg = Debug No DXGL|Win32
		{7DC34E0D-7AFF-4282-9F18-81FD29C290D0}.Debug No DXGL.Build.0 = Debug No DXGL|Win32
		{7DC34E0D-7AFF-4282-9F18-81FD29C290D0}.Release.ActiveCfg = Release|Win32
		{7DC34E0D-7AFF-4282-9F18-81FD29C290D0}.Release.Build.0 = Release|Win32
		{7B081E30-A2B8-4806-9AB0-E0D62DE358F2}.Debug.ActiveCfg = Debug|Win32
		{7B081E30-A2B8-4806-9AB0-E0D62DE358F2}.Debug.Build.0 = Debug|Win32
		{7B081E30-A2B8-4806-9AB0-E0D62DE358F2}.Debug No DXGL.ActiveCfg = Debug No DXGL|Win32
		{7B081E30-A2B8-4806-9AB0-E0D62DE358F2}.Debug No DXGL.Build.0 = Debug No DXGL|Win32
		{7B081E30-A2B8-4806-9AB0-E0D62DE358F2}.Release.ActiveCfg = Release|Win32
		{7B081E30-A2B8-4806-9AB0-E0D62DE358F2}.Release.Build.0 = Release|Win32
		{C2C26392-FA25-4D9A-B915-C4146928498F}.Debug.ActiveCfg = Debug|Win32
		{C2C26392-FA25-4D9A-B915-C4146928498F}.Debug.Build.0 = Debug|Win32
		{C2C26392-FA25-4D9A-B915-C4146928498F}.Debug No DXGL.ActiveCfg = Debug No DXGL|Win32
		{C2C26392-FA25-4D9A-B915-C4146928498F}.Debug No DXGL.Build.0 = Debug No DXGL|Win32
		{C2C26392-FA25-4D9A-B915-C4146928498F}.Release.ActiveCfg = Release|Win32
		{C2C26392-FA25-4D9A-B915-C4146928498F}.Release.Build.0 = Release|Win32
		{9748220C-9E29-47E3-BD7F-6849100E10DA}.Debug.ActiveCfg = Debug|Win32
		{9748220C-9E29-47E3-BD7F-6849100E10DA}.Debug.Build.0 = Debug|Win32
		{9748220C-9E29-47E3-BD7F-6849100E10DA}.Debug No DXGL.ActiveCfg = Debug No DXGL|Win32
		{9748220C-9E29-47E3-BD7F-6849100E10DA}.Debug No DXGL.Build.0 = Debug No DXGL|Win32
		{9748220C-9E29-47E3-BD7F-6849100E10DA}.Release.ActiveCfg = Release|Win32
		{9748220C-9E29-47E3-BD7F-6849100E10DA}.Release.Build.0 = Release|Win32
		{3AB68EF6-DA0B-4B6D-A749-08F945F63424}.Debug.ActiveCfg = Debug|Win32
		{3AB68EF6-DA0B-4B6D-A749-08F945F63424}.Debug.Build.0 = Debug|Win32
		{3AB68EF6-DA0B-4B6D-A749-08F945F63424}.Debug No DXGL.ActiveCfg = Debug No DXGL|Win32
		{3AB68EF6-DA0B-4B6D-A749-08F945F63424}.Debug No DXGL.Build.0 = Debug No DXGL|Win32
		{3AB68EF6-DA0B-4B6D-A749-08F945F63424}.Release.ActiveCfg = Release|Win32
		{3AB68EF6-DA0B-4B6D-A749-08F945F63424}.Release.Build.0 = Release|Win32
		{EBF0828E-7C19-4FEF-BFF8-41035FA17C71}.Debug.ActiveCfg = Debug|Win32
		{EBF0828E-7C19-4FEF-BFF8-41035FA17C71}.Debug.Build.0 = Debug|Win32
		{EBF0828E-7C19-4FEF-BFF8-41035FA17C71}.Debug No DXGL.ActiveCfg = Debug|Win32
		{EBF0828E-7C19-4FEF-BFF8-41035FA17C71}.Debug No DXGL.Build.0 = Debug|Win32
		{EBF0828E-7C19-4FEF-BFF8-41035FA17C71}.Release.ActiveCfg = Release|Win32
		{EBF0828E-7C19-4FEF-BFF8-41035FA17C71}.Release.Build.0 = Release|Win32
		{553FB154-8522-4407-B5F5-9088D0F9B5FC}.Debug.ActiveCfg = Debug|Win32
		{553FB154-8522-4407-B5F5-9088D0F9B5FC}.Debug.Build.0 = Debug|Win32
		{553FB154-8522-4407-B5F5-9088D0F9B5FC}.Debug No DXGL.ActiveCfg = Debug|Win32
		{553FB154-8522-4407-B5F5-9088D0F9B5FC}.Debug No DXGL.Build.0 = Debug|Win32
		{553FB154-8522-4407-B5F5-9088D0F9B5FC}.Release.ActiveCfg = Release|Win32
		{553FB154-8522-4407-B5F5-9088D0F9B5FC}.Release.Build.0 = Release|Win32
		{52CF5216-7B55-4D3F-835D-6F598C33F637}.Debug.ActiveCfg = Debug|Win32
		{52CF5216-7B55-4D3F-835D-6F598C33F637}.Debug.Build.0 = Debug|Win32
		{52CF5216-7B55-4D3F-835D-6F598C33F637}.Debug No DXGL.ActiveCfg = Debug|Win32
		{52CF5216-7B55-4D3F-835D-6F598C33F637}.Debug No DXGL.Build.0 = Debug|Win32
		{52CF5216-7B55-4D3F-835D-6F598C33F637}.Release.ActiveCfg = Release|Win32
		{52CF5216-7B55-4D3F-835D-6F598C33F637}.Release.Build.0 = Release|Win32
	EndGlobalSection
	GlobalSection(ExtensibilityGlobals) = postSolution
	EndGlobalSection
	GlobalSection(ExtensibilityAddIns) = postSolution
	EndGlobalSection
	GlobalSection(SolutionConfigurationPlatforms) = preSolution
		Debug No DXGL|Win32 = Debug No DXGL|Win32
		Debug|Win32 = Debug|Win32
		Release|Win32 = Release|Win32
	EndGlobalSection
	GlobalSection(ProjectConfigurationPlatforms) = postSolution
		{8A6EAE90-2389-4211-B10F-57C7CADC7FA1}.Debug No DXGL|Win32.ActiveCfg = Debug No DXGL|Win32
		{8A6EAE90-2389-4211-B10F-57C7CADC7FA1}.Debug No DXGL|Win32.Build.0 = Debug No DXGL|Win32
		{8A6EAE90-2389-4211-B10F-57C7CADC7FA1}.Debug|Win32.ActiveCfg = Debug|Win32
		{8A6EAE90-2389-4211-B10F-57C7CADC7FA1}.Debug|Win32.Build.0 = Debug|Win32
		{8A6EAE90-2389-4211-B10F-57C7CADC7FA1}.Release|Win32.ActiveCfg = Release|Win32
		{8A6EAE90-2389-4211-B10F-57C7CADC7FA1}.Release|Win32.Build.0 = Release|Win32
		{7DC34E0D-7AFF-4282-9F18-81FD29C290D0}.Debug No DXGL|Win32.ActiveCfg = Debug No DXGL|Win32
		{7DC34E0D-7AFF-4282-9F18-81FD29C290D0}.Debug No DXGL|Win32.Build.0 = Debug No DXGL|Win32
		{7DC34E0D-7AFF-4282-9F18-81FD29C290D0}.Debug|Win32.ActiveCfg = Debug|Win32
		{7DC34E0D-7AFF-4282-9F18-81FD29C290D0}.Debug|Win32.Build.0 = Debug|Win32
		{7DC34E0D-7AFF-4282-9F18-81FD29C290D0}.Release|Win32.ActiveCfg = Release|Win32
		{7DC34E0D-7AFF-4282-9F18-81FD29C290D0}.Release|Win32.Build.0 = Release|Win32
		{7B081E30-A2B8-4806-9AB0-E0D62DE358F2}.Debug No DXGL|Win32.ActiveCfg = Debug No DXGL|Win32
		{7B081E30-A2B8-4806-9AB0-E0D62DE358F2}.Debug No DXGL|Win32.Build.0 = Debug No DXGL|Win32
		{7B081E30-A2B8-4806-9AB0-E0D62DE358F2}.Debug|Win32.ActiveCfg = Debug|Win32
		{7B081E30-A2B8-4806-9AB0-E0D62DE358F2}.Debug|Win32.Build.0 = Debug|Win32
		{7B081E30-A2B8-4806-9AB0-E0D62DE358F2}.Release|Win32.ActiveCfg = Release|Win32
		{7B081E30-A2B8-4806-9AB0-E0D62DE358F2}.Release|Win32.Build.0 = Release|Win32
		{C2C26392-FA25-4D9A-B915-C4146928498F}.Debug No DXGL|Win32.ActiveCfg = Debug No DXGL|Win32
		{C2C26392-FA25-4D9A-B915-C4146928498F}.Debug No DXGL|Win32.Build.0 = Debug No DXGL|Win32
		{C2C26392-FA25-4D9A-B915-C4146928498F}.Debug|Win32.ActiveCfg = Debug|Win32
		{C2C26392-FA25-4D9A-B915-C4146928498F}.Debug|Win32.Build.0 = Debug|Win32
		{C2C26392-FA25-4D9A-B915-C4146928498F}.Release|Win32.ActiveCfg = Release|Win32
		{C2C26392-FA25-4D9A-B915-C4146928498F}.Release|Win32.Build.0 = Release|Win32
		{9748220C-9E29-47E3-BD7F-6849100E10DA}.Debug No DXGL|Win32.ActiveCfg = Debug No DXGL|Win32
		{9748220C-9E29-47E3-BD7F-6849100E10DA}.Debug No DXGL|Win32.Build.0 = Debug No DXGL|Win32
		{9748220C-9E29-47E3-BD7F-6849100E10DA}.Debug|Win32.ActiveCfg = Debug|Win32
		{9748220C-9E29-47E3-BD7F-6849100E10DA}.Debug|Win32.Build.0 = Debug|Win32
		{9748220C-9E29-47E3-BD7F-6849100E10DA}.Release|Win32.ActiveCfg = Release|Win32
		{9748220C-9E29-47E3-BD7F-6849100E10DA}.Release|Win32.Build.0 = Release|Win32
		{3AB68EF6-DA0B-4B6D-A749-08F945F63424}.Debug No DXGL|Win32.ActiveCfg = Debug No DXGL|Win32
		{3AB68EF6-DA0B-4B6D-A749-08F945F63424}.Debug No DXGL|Win32.Build.0 = Debug No DXGL|Win32
		{3AB68EF6-DA0B-4B6D-A749-08F945F63424}.Debug|Win32.ActiveCfg = Debug|Win32
		{3AB68EF6-DA0B-4B6D-A749-08F945F63424}.Debug|Win32.Build.0 = Debug|Win32
		{3AB68EF6-DA0B-4B6D-A749-08F945F63424}.Release|Win32.ActiveCfg = Release|Win32
		{3AB68EF6-DA0B-4B6D-A749-08F945F63424}.Release|Win32.Build.0 = Release|Win32
		{EBF0828E-7C19-4FEF-BFF8-41035FA17C71}.Debug No DXGL|Win32.ActiveCfg = Debug|Win32
		{EBF0828E-7C19-4FEF-BFF8-41035FA17C71}.Debug No DXGL|Win32.Build.0 = Debug|Win32
		{EBF0828E-7C19-4FEF-BFF8-41035FA17C71}.Debug|Win32.ActiveCfg = Debug|Win32
		{EBF0828E-7C19-4FEF-BFF8-41035FA17C71}.Debug|Win32.Build.0 = Debug|Win32
		{EBF0828E-7C19-4FEF-BFF8-41035FA17C71}.Release|Win32.ActiveCfg = Release|Win32
		{EBF0828E-7C19-4FEF-BFF8-41035FA17C71}.Release|Win32.Build.0 = Release|Win32
		{553FB154-8522-4407-B5F5-9088D0F9B5FC}.Debug No DXGL|Win32.ActiveCfg = Debug|Win32
		{553FB154-8522-4407-B5F5-9088D0F9B5FC}.Debug No DXGL|Win32.Build.0 = Debug|Win32
		{553FB154-8522-4407-B5F5-9088D0F9B5FC}.Debug|Win32.ActiveCfg = Debug|Win32
		{553FB154-8522-4407-B5F5-9088D0F9B5FC}.Debug|Win32.Build.0 = Debug|Win32
		{553FB154-8522-4407-B5F5-9088D0F9B5FC}.Release|Win32.ActiveCfg = Release|Win32
		{553FB154-8522-4407-B5F5-9088D0F9B5FC}.Release|Win32.Build.0 = Release|Win32
		{52CF5216-7B55-4D3F-835D-6F598C33F637}.Debug No DXGL|Win32.ActiveCfg = Debug|Win32
		{52CF5216-7B55-4D3F-835D-6F598C33F637}.Debug No DXGL|Win32.Build.0 = Debug|Win32
		{52CF5216-7B55-4D3F-835D-6F598C33F637}.Debug|Win32.ActiveCfg = Debug|Win32
		{52CF5216-7B55-4D3F-835D-6F598C33F637}.Debug|Win32.Build.0 = Debug|Win32
		{52CF5216-7B55-4D3F-835D-6F598C33F637}.Release|Win32.ActiveCfg = Release|Win32
		{52CF5216-7B55-4D3F-835D-6F598C33F637}.Release|Win32.Build.0 = Release|Win32
	EndGlobalSection
	GlobalSection(SolutionProperties) = preSolution
		HideSolutionNode = FALSE
	EndGlobalSection
EndGlobal
