<?xml version="1.0" encoding="UTF-8" standalone="yes" ?>
<CodeBlocks_project_file>
	<FileVersion major="1" minor="6" />
	<Project>
		<Option title="dxgltest" />
		<Option pch_mode="2" />
		<Option compiler="gcc" />
		<Build>
			<Target title="Debug">
				<Option output="..\bin\Debug\dxgltest" prefix_auto="1" extension_auto="1" />
				<Option object_output="obj\Debug\" />
				<Option type="0" />
				<Option compiler="gcc" />
				<Compiler>
					<Add option="-g" />
				</Compiler>
				<Linker>
					<Add library="version" />
				</Linker>
			</Target>
			<Target title="Release">
				<Option output="..\bin\Release\dxgltest" prefix_auto="1" extension_auto="1" />
				<Option object_output="obj\Release\" />
				<Option type="0" />
				<Option compiler="gcc" />
				<Compiler>
					<Add option="-O2" />
				</Compiler>
				<Linker>
					<Add option="-s" />
					<Add library="version" />
				</Linker>
			</Target>
		</Build>
		<Compiler>
			<Add option="-Wall" />
		</Compiler>
		<Linker>
			<Add library="gdi32" />
			<Add library="user32" />
			<Add library="kernel32" />
		</Linker>
		<Unit filename="MultiDD.cpp" />
		<Unit filename="MultiDD.h" />
		<Unit filename="ReadMe.txt" />
		<Unit filename="Resource.h" />
		<Unit filename="Tests2D.cpp" />
		<Unit filename="common.h" />
		<Unit filename="dxgltest.cpp" />
		<Unit filename="dxgltest.h" />
		<Unit filename="dxgltest.rc">
			<Option compilerVar="WINDRES" />
		</Unit>
		<Unit filename="palette.cpp" />
		<Unit filename="palette.h" />
		<Unit filename="precomp.cpp" />
		<Unit filename="surfacegen.cpp" />
		<Unit filename="surfacegen.h" />
		<Unit filename="tests.h" />
		<Unit filename="timer.cpp" />
		<Unit filename="timer.h" />
		<Extensions>
			<code_completion />
			<envvars />
			<debugger />
			<lib_finder disable_auto="1" />
		</Extensions>
	</Project>
</CodeBlocks_project_file>
