
Microsoft Visual Studio Solution File, Format Version 10.00
# Visual Studio 2008
Project("{8BC9CEB8-8B4A-11D0-8D11-00A0C91BC942}") = "dxglcfg", "dxglcfg\dxglcfg.vcproj", "{8A6EAE90-2389-4211-B10F-57C7CADC7FA1}"
	ProjectSection(ProjectDependencies) = postProject
		{76132A5D-4114-4FFD-B223-4927665E78BB} = {76132A5D-4114-4FFD-B223-4927665E78BB}
		{C2C26392-FA25-4D9A-B915-C4146928498F} = {C2C26392-FA25-4D9A-B915-C4146928498F}
		{3AB68EF6-DA0B-4B6D-A749-08F945F63424} = {3AB68EF6-DA0B-4B6D-A749-08F945F63424}
	EndProjectSection
EndProject
Project("{8BC9CEB8-8B4A-11D0-8D11-00A0C91BC942}") = "buildtool", "buildtool\buildtool.vcproj", "{7DC34E0D-7AFF-4282-9F18-81FD29C290D0}"
EndProject
Project("{8BC9CEB8-8B4A-11D0-8D11-00A0C91BC942}") = "common", "common\common.vcproj", "{7B081E30-A2B8-4806-9AB0-E0D62DE358F2}"
	ProjectSection(ProjectDependencies) = postProject
		{7DC34E0D-7AFF-4282-9F18-81FD29C290D0} = {7DC34E0D-7AFF-4282-9F18-81FD29C290D0}
	EndProjectSection
EndProject
Project("{8BC9CEB8-8B4A-11D0-8D11-00A0C91BC942}") = "cfgmgr", "cfgmgr\cfgmgr.vcproj", "{C2C26392-FA25-4D9A-B915-C4146928498F}"
EndProject
Project("{8BC9CEB8-8B4A-11D0-8D11-00A0C91BC942}") = "libMinHook", "libMinHook\libMinHook.vcproj", "{9748220C-9E29-47E3-BD7F-6849100E10DA}"
EndProject
Project("{8BC9CEB8-8B4A-11D0-8D11-00A0C91BC942}") = "ddraw", "ddraw\ddraw.vcproj", "{3AB68EF6-DA0B-4B6D-A749-08F945F63424}"
	ProjectSection(ProjectDependencies) = postProject
		{9748220C-9E29-47E3-BD7F-6849100E10DA} = {9748220C-9E29-47E3-BD7F-6849100E10DA}
		{7DC34E0D-7AFF-4282-9F18-81FD29C290D0} = {7DC34E0D-7AFF-4282-9F18-81FD29C290D0}
		{C2C26392-FA25-4D9A-B915-C4146928498F} = {C2C26392-FA25-4D9A-B915-C4146928498F}
	EndProjectSection
EndProject
Project("{8BC9CEB8-8B4A-11D0-8D11-00A0C91BC942}") = "dxgl-nsis", "dxgl-nsis\dxgl-nsis.vcproj", "{EBF0828E-7C19-4FEF-BFF8-41035FA17C71}"
EndProject
Project("{8BC9CEB8-8B4A-11D0-8D11-00A0C91BC942}") = "Help", "Help\Help.vcproj", "{553FB154-8522-4407-B5F5-9088D0F9B5FC}"
	ProjectSection(ProjectDependencies) = postProject
		{7DC34E0D-7AFF-4282-9F18-81FD29C290D0} = {7DC34E0D-7AFF-4282-9F18-81FD29C290D0}
	EndProjectSection
EndProject
Project("{8BC9CEB8-8B4A-11D0-8D11-00A0C91BC942}") = "Installer", "Installer\Installer.vcproj", "{52CF5216-7B55-4D3F-835D-6F598C33F637}"
	ProjectSection(ProjectDependencies) = postProject
		{7DC34E0D-7AFF-4282-9F18-81FD29C290D0} = {7DC34E0D-7AFF-4282-9F18-81FD29C290D0}
		{553FB154-8522-4407-B5F5-9088D0F9B5FC} = {553FB154-8522-4407-B5F5-9088D0F9B5FC}
		{EBF0828E-7C19-4FEF-BFF8-41035FA17C71} = {EBF0828E-7C19-4FEF-BFF8-41035FA17C71}
		{8A6EAE90-2389-4211-B10F-57C7CADC7FA1} = {8A6EAE90-2389-4211-B10F-57C7CADC7FA1}
		{3AB68EF6-DA0B-4B6D-A749-08F945F63424} = {3AB68EF6-DA0B-4B6D-A749-08F945F63424}
	EndProjectSection
EndProject
Project("{8BC9CEB8-8B4A-11D0-8D11-00A0C91BC942}") = "dxglcfg-dll", "dxglcfg-dll\dxglcfg-dll.vcproj", "{76132A5D-4114-4FFD-B223-4927665E78BB}"
EndProject
Global
	GlobalSection(SolutionConfigurationPlatforms) = preSolution
		Debug No DXGL|Win32 = Debug No DXGL|Win32
		Debug No DXGL|x64 = Debug No DXGL|x64
		Debug|Win32 = Debug|Win32
		Debug|x64 = Debug|x64
		Release|Win32 = Release|Win32
		Release|x64 = Release|x64
	EndGlobalSection
	GlobalSection(ProjectConfigurationPlatforms) = postSolution
		{8A6EAE90-2389-4211-B10F-57C7CADC7FA1}.Debug No DXGL|Win32.ActiveCfg = Debug No DXGL|Win32
		{8A6EAE90-2389-4211-B10F-57C7CADC7FA1}.Debug No DXGL|Win32.Build.0 = Debug No DXGL|Win32
		{8A6EAE90-2389-4211-B10F-57C7CADC7FA1}.Debug No DXGL|x64.ActiveCfg = Debug No DXGL|x64
		{8A6EAE90-2389-4211-B10F-57C7CADC7FA1}.Debug No DXGL|x64.Build.0 = Debug No DXGL|x64
		{8A6EAE90-2389-4211-B10F-57C7CADC7FA1}.Debug|Win32.ActiveCfg = Debug|Win32
		{8A6EAE90-2389-4211-B10F-57C7CADC7FA1}.Debug|Win32.Build.0 = Debug|Win32
		{8A6EAE90-2389-4211-B10F-57C7CADC7FA1}.Debug|x64.ActiveCfg = Debug|x64
		{8A6EAE90-2389-4211-B10F-57C7CADC7FA1}.Debug|x64.Build.0 = Debug|x64
		{8A6EAE90-2389-4211-B10F-57C7CADC7FA1}.Release|Win32.ActiveCfg = Release|Win32
		{8A6EAE90-2389-4211-B10F-57C7CADC7FA1}.Release|Win32.Build.0 = Release|Win32
		{8A6EAE90-2389-4211-B10F-57C7CADC7FA1}.Release|x64.ActiveCfg = Release|x64
		{8A6EAE90-2389-4211-B10F-57C7CADC7FA1}.Release|x64.Build.0 = Release|x64
		{7DC34E0D-7AFF-4282-9F18-81FD29C290D0}.Debug No DXGL|Win32.ActiveCfg = Debug No DXGL|Win32
		{7DC34E0D-7AFF-4282-9F18-81FD29C290D0}.Debug No DXGL|Win32.Build.0 = Debug No DXGL|Win32
		{7DC34E0D-7AFF-4282-9F18-81FD29C290D0}.Debug No DXGL|x64.ActiveCfg = Debug No DXGL|x64
		{7DC34E0D-7AFF-4282-9F18-81FD29C290D0}.Debug No DXGL|x64.Build.0 = Debug No DXGL|x64
		{7DC34E0D-7AFF-4282-9F18-81FD29C290D0}.Debug|Win32.ActiveCfg = Debug|Win32
		{7DC34E0D-7AFF-4282-9F18-81FD29C290D0}.Debug|Win32.Build.0 = Debug|Win32
		{7DC34E0D-7AFF-4282-9F18-81FD29C290D0}.Debug|x64.ActiveCfg = Debug|x64
		{7DC34E0D-7AFF-4282-9F18-81FD29C290D0}.Debug|x64.Build.0 = Debug|x64
		{7DC34E0D-7AFF-4282-9F18-81FD29C290D0}.Release|Win32.ActiveCfg = Release|Win32
		{7DC34E0D-7AFF-4282-9F18-81FD29C290D0}.Release|Win32.Build.0 = Release|Win32
		{7DC34E0D-7AFF-4282-9F18-81FD29C290D0}.Release|x64.ActiveCfg = Release|x64
		{7DC34E0D-7AFF-4282-9F18-81FD29C290D0}.Release|x64.Build.0 = Release|x64
		{7B081E30-A2B8-4806-9AB0-E0D62DE358F2}.Debug No DXGL|Win32.ActiveCfg = Debug No DXGL|Win32
		{7B081E30-A2B8-4806-9AB0-E0D62DE358F2}.Debug No DXGL|Win32.Build.0 = Debug No DXGL|Win32
		{7B081E30-A2B8-4806-9AB0-E0D62DE358F2}.Debug No DXGL|x64.ActiveCfg = Debug No DXGL|x64
		{7B081E30-A2B8-4806-9AB0-E0D62DE358F2}.Debug No DXGL|x64.Build.0 = Debug No DXGL|x64
		{7B081E30-A2B8-4806-9AB0-E0D62DE358F2}.Debug|Win32.ActiveCfg = Debug|Win32
		{7B081E30-A2B8-4806-9AB0-E0D62DE358F2}.Debug|Win32.Build.0 = Debug|Win32
		{7B081E30-A2B8-4806-9AB0-E0D62DE358F2}.Debug|x64.ActiveCfg = Debug|x64
		{7B081E30-A2B8-4806-9AB0-E0D62DE358F2}.Debug|x64.Build.0 = Debug|x64
		{7B081E30-A2B8-4806-9AB0-E0D62DE358F2}.Release|Win32.ActiveCfg = Release|Win32
		{7B081E30-A2B8-4806-9AB0-E0D62DE358F2}.Release|Win32.Build.0 = Release|Win32
		{7B081E30-A2B8-4806-9AB0-E0D62DE358F2}.Release|x64.ActiveCfg = Release|x64
		{7B081E30-A2B8-4806-9AB0-E0D62DE358F2}.Release|x64.Build.0 = Release|x64
		{C2C26392-FA25-4D9A-B915-C4146928498F}.Debug No DXGL|Win32.ActiveCfg = Debug No DXGL|Win32
		{C2C26392-FA25-4D9A-B915-C4146928498F}.Debug No DXGL|Win32.Build.0 = Debug No DXGL|Win32
		{C2C26392-FA25-4D9A-B915-C4146928498F}.Debug No DXGL|x64.ActiveCfg = Debug No DXGL|x64
		{C2C26392-FA25-4D9A-B915-C4146928498F}.Debug No DXGL|x64.Build.0 = Debug No DXGL|x64
		{C2C26392-FA25-4D9A-B915-C4146928498F}.Debug|Win32.ActiveCfg = Debug|Win32
		{C2C26392-FA25-4D9A-B915-C4146928498F}.Debug|Win32.Build.0 = Debug|Win32
		{C2C26392-FA25-4D9A-B915-C4146928498F}.Debug|x64.ActiveCfg = Debug|x64
		{C2C26392-FA25-4D9A-B915-C4146928498F}.Debug|x64.Build.0 = Debug|x64
		{C2C26392-FA25-4D9A-B915-C4146928498F}.Release|Win32.ActiveCfg = Release|Win32
		{C2C26392-FA25-4D9A-B915-C4146928498F}.Release|Win32.Build.0 = Release|Win32
		{C2C26392-FA25-4D9A-B915-C4146928498F}.Release|x64.ActiveCfg = Release|x64
		{C2C26392-FA25-4D9A-B915-C4146928498F}.Release|x64.Build.0 = Release|x64
		{9748220C-9E29-47E3-BD7F-6849100E10DA}.Debug No DXGL|Win32.ActiveCfg = Debug No DXGL|Win32
		{9748220C-9E29-47E3-BD7F-6849100E10DA}.Debug No DXGL|Win32.Build.0 = Debug No DXGL|Win32
		{9748220C-9E29-47E3-BD7F-6849100E10DA}.Debug No DXGL|x64.ActiveCfg = Debug No DXGL|x64
		{9748220C-9E29-47E3-BD7F-6849100E10DA}.Debug No DXGL|x64.Build.0 = Debug No DXGL|x64
		{9748220C-9E29-47E3-BD7F-6849100E10DA}.Debug|Win32.ActiveCfg = Debug|Win32
		{9748220C-9E29-47E3-BD7F-6849100E10DA}.Debug|Win32.Build.0 = Debug|Win32
		{9748220C-9E29-47E3-BD7F-6849100E10DA}.Debug|x64.ActiveCfg = Debug|x64
		{9748220C-9E29-47E3-BD7F-6849100E10DA}.Debug|x64.Build.0 = Debug|x64
		{9748220C-9E29-47E3-BD7F-6849100E10DA}.Release|Win32.ActiveCfg = Release|Win32
		{9748220C-9E29-47E3-BD7F-6849100E10DA}.Release|Win32.Build.0 = Release|Win32
		{9748220C-9E29-47E3-BD7F-6849100E10DA}.Release|x64.ActiveCfg = Release|x64
		{9748220C-9E29-47E3-BD7F-6849100E10DA}.Release|x64.Build.0 = Release|x64
		{3AB68EF6-DA0B-4B6D-A749-08F945F63424}.Debug No DXGL|Win32.ActiveCfg = Debug No DXGL|Win32
		{3AB68EF6-DA0B-4B6D-A749-08F945F63424}.Debug No DXGL|Win32.Build.0 = Debug No DXGL|Win32
		{3AB68EF6-DA0B-4B6D-A749-08F945F63424}.Debug No DXGL|x64.ActiveCfg = Debug No DXGL|x64
		{3AB68EF6-DA0B-4B6D-A749-08F945F63424}.Debug No DXGL|x64.Build.0 = Debug No DXGL|x64
		{3AB68EF6-DA0B-4B6D-A749-08F945F63424}.Debug|Win32.ActiveCfg = Debug|Win32
		{3AB68EF6-DA0B-4B6D-A749-08F945F63424}.Debug|Win32.Build.0 = Debug|Win32
		{3AB68EF6-DA0B-4B6D-A749-08F945F63424}.Debug|x64.ActiveCfg = Debug|x64
		{3AB68EF6-DA0B-4B6D-A749-08F945F63424}.Debug|x64.Build.0 = Debug|x64
		{3AB68EF6-DA0B-4B6D-A749-08F945F63424}.Release|Win32.ActiveCfg = Release|Win32
		{3AB68EF6-DA0B-4B6D-A749-08F945F63424}.Release|Win32.Build.0 = Release|Win32
		{3AB68EF6-DA0B-4B6D-A749-08F945F63424}.Release|x64.ActiveCfg = Release|x64
		{3AB68EF6-DA0B-4B6D-A749-08F945F63424}.Release|x64.Build.0 = Release|x64
		{EBF0828E-7C19-4FEF-BFF8-41035FA17C71}.Debug No DXGL|Win32.ActiveCfg = Debug|Win32
		{EBF0828E-7C19-4FEF-BFF8-41035FA17C71}.Debug No DXGL|Win32.Build.0 = Debug|Win32
		{EBF0828E-7C19-4FEF-BFF8-41035FA17C71}.Debug No DXGL|x64.ActiveCfg = Debug|Win32
		{EBF0828E-7C19-4FEF-BFF8-41035FA17C71}.Debug|Win32.ActiveCfg = Debug|Win32
		{EBF0828E-7C19-4FEF-BFF8-41035FA17C71}.Debug|Win32.Build.0 = Debug|Win32
		{EBF0828E-7C19-4FEF-BFF8-41035FA17C71}.Debug|x64.ActiveCfg = Debug|Win32
		{EBF0828E-7C19-4FEF-BFF8-41035FA17C71}.Release|Win32.ActiveCfg = Release|Win32
		{EBF0828E-7C19-4FEF-BFF8-41035FA17C71}.Release|Win32.Build.0 = Release|Win32
		{EBF0828E-7C19-4FEF-BFF8-41035FA17C71}.Release|x64.ActiveCfg = Release|Win32
		{EBF0828E-7C19-4FEF-BFF8-41035FA17C71}.Release|x64.Build.0 = Release|Win32
		{553FB154-8522-4407-B5F5-9088D0F9B5FC}.Debug No DXGL|Win32.ActiveCfg = Debug|Win32
		{553FB154-8522-4407-B5F5-9088D0F9B5FC}.Debug No DXGL|Win32.Build.0 = Debug|Win32
		{553FB154-8522-4407-B5F5-9088D0F9B5FC}.Debug No DXGL|x64.ActiveCfg = Debug|x64
		{553FB154-8522-4407-B5F5-9088D0F9B5FC}.Debug No DXGL|x64.Build.0 = Debug|x64
		{553FB154-8522-4407-B5F5-9088D0F9B5FC}.Debug|Win32.ActiveCfg = Debug|Win32
		{553FB154-8522-4407-B5F5-9088D0F9B5FC}.Debug|Win32.Build.0 = Debug|Win32
		{553FB154-8522-4407-B5F5-9088D0F9B5FC}.Debug|x64.ActiveCfg = Debug|x64
		{553FB154-8522-4407-B5F5-9088D0F9B5FC}.Debug|x64.Build.0 = Debug|x64
		{553FB154-8522-4407-B5F5-9088D0F9B5FC}.Release|Win32.ActiveCfg = Release|Win32
		{553FB154-8522-4407-B5F5-9088D0F9B5FC}.Release|Win32.Build.0 = Release|Win32
		{553FB154-8522-4407-B5F5-9088D0F9B5FC}.Release|x64.ActiveCfg = Release|x64
		{553FB154-8522-4407-B5F5-9088D0F9B5FC}.Release|x64.Build.0 = Release|x64
		{52CF5216-7B55-4D3F-835D-6F598C33F637}.Debug No DXGL|Win32.ActiveCfg = Debug|Win32
		{52CF5216-7B55-4D3F-835D-6F598C33F637}.Debug No DXGL|Win32.Build.0 = Debug|Win32
		{52CF5216-7B55-4D3F-835D-6F598C33F637}.Debug No DXGL|x64.ActiveCfg = Debug|x64
		{52CF5216-7B55-4D3F-835D-6F598C33F637}.Debug No DXGL|x64.Build.0 = Debug|x64
		{52CF5216-7B55-4D3F-835D-6F598C33F637}.Debug|Win32.ActiveCfg = Debug|Win32
		{52CF5216-7B55-4D3F-835D-6F598C33F637}.Debug|Win32.Build.0 = Debug|Win32
		{52CF5216-7B55-4D3F-835D-6F598C33F637}.Debug|x64.ActiveCfg = Debug|x64
		{52CF5216-7B55-4D3F-835D-6F598C33F637}.Debug|x64.Build.0 = Debug|x64
		{52CF5216-7B55-4D3F-835D-6F598C33F637}.Release|Win32.ActiveCfg = Release|Win32
		{52CF5216-7B55-4D3F-835D-6F598C33F637}.Release|Win32.Build.0 = Release|Win32
		{52CF5216-7B55-4D3F-835D-6F598C33F637}.Release|x64.ActiveCfg = Release|x64
		{52CF5216-7B55-4D3F-835D-6F598C33F637}.Release|x64.Build.0 = Release|x64
		{76132A5D-4114-4FFD-B223-4927665E78BB}.Debug No DXGL|Win32.ActiveCfg = Debug|Win32
		{76132A5D-4114-4FFD-B223-4927665E78BB}.Debug No DXGL|Win32.Build.0 = Debug|Win32
		{76132A5D-4114-4FFD-B223-4927665E78BB}.Debug No DXGL|x64.ActiveCfg = Debug|Win32
		{76132A5D-4114-4FFD-B223-4927665E78BB}.Debug|Win32.ActiveCfg = Debug|Win32
		{76132A5D-4114-4FFD-B223-4927665E78BB}.Debug|Win32.Build.0 = Debug|Win32
		{76132A5D-4114-4FFD-B223-4927665E78BB}.Debug|x64.ActiveCfg = Debug|Win32
		{76132A5D-4114-4FFD-B223-4927665E78BB}.Release|Win32.ActiveCfg = Release|Win32
		{76132A5D-4114-4FFD-B223-4927665E78BB}.Release|Win32.Build.0 = Release|Win32
		{76132A5D-4114-4FFD-B223-4927665E78BB}.Release|x64.ActiveCfg = Release|x64
	EndGlobalSection
	GlobalSection(SolutionProperties) = preSolution
		HideSolutionNode = FALSE
	EndGlobalSection
EndGlobal
